
Microsoft Visual Studio Solution File, Format Version 12.00
# Visual Studio 15
VisualStudioVersion = 15.0.26124.0
MinimumVisualStudioVersion = 15.0.26124.0
Project("{2150E333-8FDC-42A3-9474-1A3956D46DE8}") = "src", "src", "{EA5E0F47-AF26-4061-B1AC-C6D9B8369136}"
EndProject
Project("{FAE04EC0-301F-11D3-BF4B-00C04F79EFBC}") = "SimpleAPI", "src\SimpleAPI\SimpleAPI.csproj", "{1D6043BA-8BA3-4E01-9384-9B860ADCF792}"
EndProject
Project("{2150E333-8FDC-42A3-9474-1A3956D46DE8}") = "test", "test", "{393F5B95-094A-4CF8-8EA6-C8D04DCFC3A8}"
EndProject
Project("{FAE04EC0-301F-11D3-BF4B-00C04F79EFBC}") = "SimpleAPI.TEST", "test\SimpleAPI.TEST\SimpleAPI.TEST.csproj", "{F57D02D7-7F86-4A21-BB28-F79ED585C9A7}"
EndProject
Global
	GlobalSection(SolutionConfigurationPlatforms) = preSolution
		Debug|Any CPU = Debug|Any CPU
		Debug|x64 = Debug|x64
		Debug|x86 = Debug|x86
		Release|Any CPU = Release|Any CPU
		Release|x64 = Release|x64
		Release|x86 = Release|x86
	EndGlobalSection
	GlobalSection(SolutionProperties) = preSolution
		HideSolutionNode = FALSE
	EndGlobalSection
	GlobalSection(ProjectConfigurationPlatforms) = postSolution
		{1D6043BA-8BA3-4E01-9384-9B860ADCF792}.Debug|Any CPU.ActiveCfg = Debug|Any CPU
		{1D6043BA-8BA3-4E01-9384-9B860ADCF792}.Debug|Any CPU.Build.0 = Debug|Any CPU
		{1D6043BA-8BA3-4E01-9384-9B860ADCF792}.Debug|x64.ActiveCfg = Debug|Any CPU
		{1D6043BA-8BA3-4E01-9384-9B860ADCF792}.Debug|x64.Build.0 = Debug|Any CPU
		{1D6043BA-8BA3-4E01-9384-9B860ADCF792}.Debug|x86.ActiveCfg = Debug|Any CPU
		{1D6043BA-8BA3-4E01-9384-9B860ADCF792}.Debug|x86.Build.0 = Debug|Any CPU
		{1D6043BA-8BA3-4E01-9384-9B860ADCF792}.Release|Any CPU.ActiveCfg = Release|Any CPU
		{1D6043BA-8BA3-4E01-9384-9B860ADCF792}.Release|Any CPU.Build.0 = Release|Any CPU
		{1D6043BA-8BA3-4E01-9384-9B860ADCF792}.Release|x64.ActiveCfg = Release|Any CPU
		{1D6043BA-8BA3-4E01-9384-9B860ADCF792}.Release|x64.Build.0 = Release|Any CPU
		{1D6043BA-8BA3-4E01-9384-9B860ADCF792}.Release|x86.ActiveCfg = Release|Any CPU
		{1D6043BA-8BA3-4E01-9384-9B860ADCF792}.Release|x86.Build.0 = Release|Any CPU
		{F57D02D7-7F86-4A21-BB28-F79ED585C9A7}.Debug|Any CPU.ActiveCfg = Debug|Any CPU
		{F57D02D7-7F86-4A21-BB28-F79ED585C9A7}.Debug|Any CPU.Build.0 = Debug|Any CPU
		{F57D02D7-7F86-4A21-BB28-F79ED585C9A7}.Debug|x64.ActiveCfg = Debug|Any CPU
		{F57D02D7-7F86-4A21-BB28-F79ED585C9A7}.Debug|x64.Build.0 = Debug|Any CPU
		{F57D02D7-7F86-4A21-BB28-F79ED585C9A7}.Debug|x86.ActiveCfg = Debug|Any CPU
		{F57D02D7-7F86-4A21-BB28-F79ED585C9A7}.Debug|x86.Build.0 = Debug|Any CPU
		{F57D02D7-7F86-4A21-BB28-F79ED585C9A7}.Release|Any CPU.ActiveCfg = Release|Any CPU
		{F57D02D7-7F86-4A21-BB28-F79ED585C9A7}.Release|Any CPU.Build.0 = Release|Any CPU
		{F57D02D7-7F86-4A21-BB28-F79ED585C9A7}.Release|x64.ActiveCfg = Release|Any CPU
		{F57D02D7-7F86-4A21-BB28-F79ED585C9A7}.Release|x64.Build.0 = Release|Any CPU
		{F57D02D7-7F86-4A21-BB28-F79ED585C9A7}.Release|x86.ActiveCfg = Release|Any CPU
		{F57D02D7-7F86-4A21-BB28-F79ED585C9A7}.Release|x86.Build.0 = Release|Any CPU
	EndGlobalSection
	GlobalSection(NestedProjects) = preSolution
		{1D6043BA-8BA3-4E01-9384-9B860ADCF792} = {EA5E0F47-AF26-4061-B1AC-C6D9B8369136}
		{F57D02D7-7F86-4A21-BB28-F79ED585C9A7} = {393F5B95-094A-4CF8-8EA6-C8D04DCFC3A8}
	EndGlobalSection
EndGlobal
